
Microsoft Visual Studio Solution File, Format Version 12.00
# Visual Studio 15
VisualStudioVersion = 15.0.26430.6
MinimumVisualStudioVersion = 10.0.40219.1
Project("{FAE04EC0-301F-11D3-BF4B-00C04F79EFBC}") = "CoinTigerSDK", "CoinTigerSDK\CoinTigerSDK.csproj", "{D550E4E5-5D79-454A-BDD2-1A23B2900D66}"
EndProject
Project("{FAE04EC0-301F-11D3-BF4B-00C04F79EFBC}") = "CoinTigerSDKTester", "CoinTigerSDKTester\CoinTigerSDKTester.csproj", "{B284D0DF-7733-4194-A893-ED28995E7AF4}"
EndProject
Global
	GlobalSection(SolutionConfigurationPlatforms) = preSolution
		Debug|Any CPU = Debug|Any CPU
		Release|Any CPU = Release|Any CPU
	EndGlobalSection
	GlobalSection(ProjectConfigurationPlatforms) = postSolution
		{D550E4E5-5D79-454A-BDD2-1A23B2900D66}.Debug|Any CPU.ActiveCfg = Debug|Any CPU
		{D550E4E5-5D79-454A-BDD2-1A23B2900D66}.Debug|Any CPU.Build.0 = Debug|Any CPU
		{D550E4E5-5D79-454A-BDD2-1A23B2900D66}.Release|Any CPU.ActiveCfg = Release|Any CPU
		{D550E4E5-5D79-454A-BDD2-1A23B2900D66}.Release|Any CPU.Build.0 = Release|Any CPU
		{B284D0DF-7733-4194-A893-ED28995E7AF4}.Debug|Any CPU.ActiveCfg = Debug|Any CPU
		{B284D0DF-7733-4194-A893-ED28995E7AF4}.Debug|Any CPU.Build.0 = Debug|Any CPU
		{B284D0DF-7733-4194-A893-ED28995E7AF4}.Release|Any CPU.ActiveCfg = Release|Any CPU
		{B284D0DF-7733-4194-A893-ED28995E7AF4}.Release|Any CPU.Build.0 = Release|Any CPU
	EndGlobalSection
	GlobalSection(SolutionProperties) = preSolution
		HideSolutionNode = FALSE
	EndGlobalSection
EndGlobal
